
Microsoft Visual Studio Solution File, Format Version 12.00
# Visual Studio Version 17
VisualStudioVersion = 17.14.36301.6
MinimumVisualStudioVersion = 10.0.40219.1
Project("{FAE04EC0-301F-11D3-BF4B-00C04F79EFBC}") = "LoRaWANparser.MClimateCO2", "LoRaWANparser.MClimateCO2\LoRaWANparser.MClimateCO2.csproj", "{ECE33D09-A80E-4C89-A061-A25E3D639507}"
EndProject
Project("{FAE04EC0-301F-11D3-BF4B-00C04F79EFBC}") = "LoRaWANparser.Tools", "LoRaWANparser.Tools\LoRaWANparser.Tools.csproj", "{01316BAA-99E5-4B9C-AB71-B0D7F2A6F7A0}"
EndProject
Project("{FAE04EC0-301F-11D3-BF4B-00C04F79EFBC}") = "LoRaWANparser.MClimateCO2.Trigger", "LoRaWANparser.MClimateCO2.Trigger\LoRaWANparser.MClimateCO2.Trigger.csproj", "{E7E57838-7C56-4ED7-911A-5260FDCBBE9D}"
EndProject
Project("{FAE04EC0-301F-11D3-BF4B-00C04F79EFBC}") = "LoRaWANparser.MClimateCO2.Test", "LoRaWANparser.MClimateCO2.Test\LoRaWANparser.MClimateCO2.Test.csproj", "{8FFCAEBA-DB51-4BFE-8E32-00A8054FA3B2}"
EndProject
Project("{FAE04EC0-301F-11D3-BF4B-00C04F79EFBC}") = "LoRaWANparser.MClimateCO2Display", "LoRaWANparser.MClimateCO2Display\LoRaWANparser.MClimateCO2Display.csproj", "{4AB19919-1167-41D2-9733-E92AE7F9816D}"
EndProject
Project("{FAE04EC0-301F-11D3-BF4B-00C04F79EFBC}") = "LoRaWANparser.MClimateCO2Display.Trigger", "LoRaWANparser.MClimateCO2Display.Trigger\LoRaWANparser.MClimateCO2Display.Trigger.csproj", "{47516B73-FFF2-454B-9E10-EA887D6C46F4}"
EndProject
Project("{FAE04EC0-301F-11D3-BF4B-00C04F79EFBC}") = "LoRaWANparser.MClimateCO2Display.Test", "LoRaWANparser.MClimateCO2Display.Test\LoRaWANparser.MClimateCO2Display.Test.csproj", "{E8C72C66-B8AC-4307-A273-4105F736ECF7}"
EndProject
Project("{FAE04EC0-301F-11D3-BF4B-00C04F79EFBC}") = "LoRaWANparser.MClimateHT", "LoRaWANparser.MClimateHT\LoRaWANparser.MClimateHT.csproj", "{08A19B31-3F87-4084-B77B-382C7AE2B05C}"
EndProject
Project("{FAE04EC0-301F-11D3-BF4B-00C04F79EFBC}") = "LoRaWANparser.MClimateHT.Test", "LoRaWANparser.MClimateHT.Test\LoRaWANparser.MClimateHT.Test.csproj", "{5B6D2544-7393-489D-B23C-7B051E77C91B}"
EndProject
Project("{FAE04EC0-301F-11D3-BF4B-00C04F79EFBC}") = "LoRaWANparser.MClimateHT.Trigger", "LoRaWANparser.MClimateHT.Trigger\LoRaWANparser.MClimateHT.Trigger.csproj", "{283030C0-E3A2-4B76-801F-B698AE58772E}"
EndProject
Project("{FAE04EC0-301F-11D3-BF4B-00C04F79EFBC}") = "LoRaWANparser.ApatorInvonic2", "LoRaWANparser.ApatorInvonic2\LoRaWANparser.ApatorInvonic2.csproj", "{D93CAEE7-CA37-4845-8DCC-2BBF3563085B}"
EndProject
Project("{FAE04EC0-301F-11D3-BF4B-00C04F79EFBC}") = "LoRaWANparser.ApatorInvonic2.Trigger", "LoRaWANparser.ApatorInvonic2.Trigger\LoRaWANparser.ApatorInvonic2.Trigger.csproj", "{04AA92CA-682A-45A4-A04F-D5032552B6A2}"
EndProject
Project("{FAE04EC0-301F-11D3-BF4B-00C04F79EFBC}") = "LoRaWANparser.ApatorInvonic2.Test", "LoRaWANparser.ApatorInvonic2.Test\LoRaWANparser.ApatorInvonic2.Test.csproj", "{AE1DF71C-97EC-4CF9-B583-7E9AB2158B16}"
EndProject
Project("{FAE04EC0-301F-11D3-BF4B-00C04F79EFBC}") = "LoRaWANparser.ApatorUltrimis", "LoRaWANparser.ApatorUltrimis\LoRaWANparser.ApatorUltrimis.csproj", "{0046EC1D-875E-4A63-910B-EFC610F1A3A8}"
EndProject
Project("{FAE04EC0-301F-11D3-BF4B-00C04F79EFBC}") = "LoRaWANparser.ApatorUltrimis.Trigger", "LoRaWANparser.ApatorUltrimis.Trigger\LoRaWANparser.ApatorUltrimis.Trigger.csproj", "{197524F8-8DEF-425B-BD37-03572D382B7F}"
EndProject
Project("{FAE04EC0-301F-11D3-BF4B-00C04F79EFBC}") = "LoRaWANparser.ApatorUltrimis.Test", "LoRaWANparser.ApatorUltrimis.Test\LoRaWANparser.ApatorUltrimis.Test.csproj", "{EEA893CA-8727-4BDD-A69C-506A87C6CED0}"
EndProject
Global
	GlobalSection(SolutionConfigurationPlatforms) = preSolution
		Debug|Any CPU = Debug|Any CPU
		Release|Any CPU = Release|Any CPU
	EndGlobalSection
	GlobalSection(ProjectConfigurationPlatforms) = postSolution
		{ECE33D09-A80E-4C89-A061-A25E3D639507}.Debug|Any CPU.ActiveCfg = Debug|Any CPU
		{ECE33D09-A80E-4C89-A061-A25E3D639507}.Debug|Any CPU.Build.0 = Debug|Any CPU
		{ECE33D09-A80E-4C89-A061-A25E3D639507}.Release|Any CPU.ActiveCfg = Release|Any CPU
		{ECE33D09-A80E-4C89-A061-A25E3D639507}.Release|Any CPU.Build.0 = Release|Any CPU
		{01316BAA-99E5-4B9C-AB71-B0D7F2A6F7A0}.Debug|Any CPU.ActiveCfg = Debug|Any CPU
		{01316BAA-99E5-4B9C-AB71-B0D7F2A6F7A0}.Debug|Any CPU.Build.0 = Debug|Any CPU
		{01316BAA-99E5-4B9C-AB71-B0D7F2A6F7A0}.Release|Any CPU.ActiveCfg = Release|Any CPU
		{01316BAA-99E5-4B9C-AB71-B0D7F2A6F7A0}.Release|Any CPU.Build.0 = Release|Any CPU
		{E7E57838-7C56-4ED7-911A-5260FDCBBE9D}.Debug|Any CPU.ActiveCfg = Debug|Any CPU
		{E7E57838-7C56-4ED7-911A-5260FDCBBE9D}.Debug|Any CPU.Build.0 = Debug|Any CPU
		{E7E57838-7C56-4ED7-911A-5260FDCBBE9D}.Release|Any CPU.ActiveCfg = Release|Any CPU
		{E7E57838-7C56-4ED7-911A-5260FDCBBE9D}.Release|Any CPU.Build.0 = Release|Any CPU
		{8FFCAEBA-DB51-4BFE-8E32-00A8054FA3B2}.Debug|Any CPU.ActiveCfg = Debug|Any CPU
		{8FFCAEBA-DB51-4BFE-8E32-00A8054FA3B2}.Debug|Any CPU.Build.0 = Debug|Any CPU
		{8FFCAEBA-DB51-4BFE-8E32-00A8054FA3B2}.Release|Any CPU.ActiveCfg = Release|Any CPU
		{8FFCAEBA-DB51-4BFE-8E32-00A8054FA3B2}.Release|Any CPU.Build.0 = Release|Any CPU
		{4AB19919-1167-41D2-9733-E92AE7F9816D}.Debug|Any CPU.ActiveCfg = Debug|Any CPU
		{4AB19919-1167-41D2-9733-E92AE7F9816D}.Debug|Any CPU.Build.0 = Debug|Any CPU
		{4AB19919-1167-41D2-9733-E92AE7F9816D}.Release|Any CPU.ActiveCfg = Release|Any CPU
		{4AB19919-1167-41D2-9733-E92AE7F9816D}.Release|Any CPU.Build.0 = Release|Any CPU
		{47516B73-FFF2-454B-9E10-EA887D6C46F4}.Debug|Any CPU.ActiveCfg = Debug|Any CPU
		{47516B73-FFF2-454B-9E10-EA887D6C46F4}.Debug|Any CPU.Build.0 = Debug|Any CPU
		{47516B73-FFF2-454B-9E10-EA887D6C46F4}.Release|Any CPU.ActiveCfg = Release|Any CPU
		{47516B73-FFF2-454B-9E10-EA887D6C46F4}.Release|Any CPU.Build.0 = Release|Any CPU
		{E8C72C66-B8AC-4307-A273-4105F736ECF7}.Debug|Any CPU.ActiveCfg = Debug|Any CPU
		{E8C72C66-B8AC-4307-A273-4105F736ECF7}.Debug|Any CPU.Build.0 = Debug|Any CPU
		{E8C72C66-B8AC-4307-A273-4105F736ECF7}.Release|Any CPU.ActiveCfg = Release|Any CPU
		{E8C72C66-B8AC-4307-A273-4105F736ECF7}.Release|Any CPU.Build.0 = Release|Any CPU
		{08A19B31-3F87-4084-B77B-382C7AE2B05C}.Debug|Any CPU.ActiveCfg = Debug|Any CPU
		{08A19B31-3F87-4084-B77B-382C7AE2B05C}.Debug|Any CPU.Build.0 = Debug|Any CPU
		{08A19B31-3F87-4084-B77B-382C7AE2B05C}.Release|Any CPU.ActiveCfg = Release|Any CPU
		{08A19B31-3F87-4084-B77B-382C7AE2B05C}.Release|Any CPU.Build.0 = Release|Any CPU
		{5B6D2544-7393-489D-B23C-7B051E77C91B}.Debug|Any CPU.ActiveCfg = Debug|Any CPU
		{5B6D2544-7393-489D-B23C-7B051E77C91B}.Debug|Any CPU.Build.0 = Debug|Any CPU
		{5B6D2544-7393-489D-B23C-7B051E77C91B}.Release|Any CPU.ActiveCfg = Release|Any CPU
		{5B6D2544-7393-489D-B23C-7B051E77C91B}.Release|Any CPU.Build.0 = Release|Any CPU
		{283030C0-E3A2-4B76-801F-B698AE58772E}.Debug|Any CPU.ActiveCfg = Debug|Any CPU
		{283030C0-E3A2-4B76-801F-B698AE58772E}.Debug|Any CPU.Build.0 = Debug|Any CPU
		{283030C0-E3A2-4B76-801F-B698AE58772E}.Release|Any CPU.ActiveCfg = Release|Any CPU
		{283030C0-E3A2-4B76-801F-B698AE58772E}.Release|Any CPU.Build.0 = Release|Any CPU
		{D93CAEE7-CA37-4845-8DCC-2BBF3563085B}.Debug|Any CPU.ActiveCfg = Debug|Any CPU
		{D93CAEE7-CA37-4845-8DCC-2BBF3563085B}.Debug|Any CPU.Build.0 = Debug|Any CPU
		{D93CAEE7-CA37-4845-8DCC-2BBF3563085B}.Release|Any CPU.ActiveCfg = Release|Any CPU
		{D93CAEE7-CA37-4845-8DCC-2BBF3563085B}.Release|Any CPU.Build.0 = Release|Any CPU
		{04AA92CA-682A-45A4-A04F-D5032552B6A2}.Debug|Any CPU.ActiveCfg = Debug|Any CPU
		{04AA92CA-682A-45A4-A04F-D5032552B6A2}.Debug|Any CPU.Build.0 = Debug|Any CPU
		{04AA92CA-682A-45A4-A04F-D5032552B6A2}.Release|Any CPU.ActiveCfg = Release|Any CPU
		{04AA92CA-682A-45A4-A04F-D5032552B6A2}.Release|Any CPU.Build.0 = Release|Any CPU
		{AE1DF71C-97EC-4CF9-B583-7E9AB2158B16}.Debug|Any CPU.ActiveCfg = Debug|Any CPU
		{AE1DF71C-97EC-4CF9-B583-7E9AB2158B16}.Debug|Any CPU.Build.0 = Debug|Any CPU
		{AE1DF71C-97EC-4CF9-B583-7E9AB2158B16}.Release|Any CPU.ActiveCfg = Release|Any CPU
		{AE1DF71C-97EC-4CF9-B583-7E9AB2158B16}.Release|Any CPU.Build.0 = Release|Any CPU
		{0046EC1D-875E-4A63-910B-EFC610F1A3A8}.Debug|Any CPU.ActiveCfg = Debug|Any CPU
		{0046EC1D-875E-4A63-910B-EFC610F1A3A8}.Debug|Any CPU.Build.0 = Debug|Any CPU
		{0046EC1D-875E-4A63-910B-EFC610F1A3A8}.Release|Any CPU.ActiveCfg = Release|Any CPU
		{0046EC1D-875E-4A63-910B-EFC610F1A3A8}.Release|Any CPU.Build.0 = Release|Any CPU
		{197524F8-8DEF-425B-BD37-03572D382B7F}.Debug|Any CPU.ActiveCfg = Debug|Any CPU
		{197524F8-8DEF-425B-BD37-03572D382B7F}.Debug|Any CPU.Build.0 = Debug|Any CPU
		{197524F8-8DEF-425B-BD37-03572D382B7F}.Release|Any CPU.ActiveCfg = Release|Any CPU
		{197524F8-8DEF-425B-BD37-03572D382B7F}.Release|Any CPU.Build.0 = Release|Any CPU
		{EEA893CA-8727-4BDD-A69C-506A87C6CED0}.Debug|Any CPU.ActiveCfg = Debug|Any CPU
		{EEA893CA-8727-4BDD-A69C-506A87C6CED0}.Debug|Any CPU.Build.0 = Debug|Any CPU
		{EEA893CA-8727-4BDD-A69C-506A87C6CED0}.Release|Any CPU.ActiveCfg = Release|Any CPU
		{EEA893CA-8727-4BDD-A69C-506A87C6CED0}.Release|Any CPU.Build.0 = Release|Any CPU
	EndGlobalSection
	GlobalSection(SolutionProperties) = preSolution
		HideSolutionNode = FALSE
	EndGlobalSection
	GlobalSection(ExtensibilityGlobals) = postSolution
		SolutionGuid = {473DE70A-CF82-4DD0-BAD9-701EA629CF80}
	EndGlobalSection
EndGlobal
